
Microsoft Visual Studio Solution File, Format Version 12.00
# Visual Studio Version 17
VisualStudioVersion = 17.6.33829.357
MinimumVisualStudioVersion = 10.0.40219.1
Project("{FAE04EC0-301F-11D3-BF4B-00C04F79EFBC}") = "Access-Modifier", "Access-Modifier\Access-Modifier.csproj", "{2391C81F-17D8-46FD-B365-8B715CA91EE3}"
EndProject
Project("{FAE04EC0-301F-11D3-BF4B-00C04F79EFBC}") = "ClassLibrary1", "ClassLibrary1\ClassLibrary1.csproj", "{DFCD4819-0435-44C2-851C-1490FD1FFEDD}"
EndProject
Global
	GlobalSection(SolutionConfigurationPlatforms) = preSolution
		Debug|Any CPU = Debug|Any CPU
		Release|Any CPU = Release|Any CPU
	EndGlobalSection
	GlobalSection(ProjectConfigurationPlatforms) = postSolution
		{2391C81F-17D8-46FD-B365-8B715CA91EE3}.Debug|Any CPU.ActiveCfg = Debug|Any CPU
		{2391C81F-17D8-46FD-B365-8B715CA91EE3}.Debug|Any CPU.Build.0 = Debug|Any CPU
		{2391C81F-17D8-46FD-B365-8B715CA91EE3}.Release|Any CPU.ActiveCfg = Release|Any CPU
		{2391C81F-17D8-46FD-B365-8B715CA91EE3}.Release|Any CPU.Build.0 = Release|Any CPU
		{DFCD4819-0435-44C2-851C-1490FD1FFEDD}.Debug|Any CPU.ActiveCfg = Debug|Any CPU
		{DFCD4819-0435-44C2-851C-1490FD1FFEDD}.Debug|Any CPU.Build.0 = Debug|Any CPU
		{DFCD4819-0435-44C2-851C-1490FD1FFEDD}.Release|Any CPU.ActiveCfg = Release|Any CPU
		{DFCD4819-0435-44C2-851C-1490FD1FFEDD}.Release|Any CPU.Build.0 = Release|Any CPU
	EndGlobalSection
	GlobalSection(SolutionProperties) = preSolution
		HideSolutionNode = FALSE
	EndGlobalSection
	GlobalSection(ExtensibilityGlobals) = postSolution
		SolutionGuid = {0757F11D-F93A-490C-8D84-F60D4755544B}
	EndGlobalSection
EndGlobal
